
Microsoft Visual Studio Solution File, Format Version 12.00
# Visual Studio Version 16
VisualStudioVersion = 16.0.31911.196
MinimumVisualStudioVersion = 10.0.40219.1
Project("{FAE04EC0-301F-11D3-BF4B-00C04F79EFBC}") = "Day3", "Day3\Day3.csproj", "{9AFB6B34-411B-4D9B-9205-8E672BAAA607}"
EndProject
Global
	GlobalSection(SolutionConfigurationPlatforms) = preSolution
		Debug|Any CPU = Debug|Any CPU
		Release|Any CPU = Release|Any CPU
	EndGlobalSection
	GlobalSection(ProjectConfigurationPlatforms) = postSolution
		{9AFB6B34-411B-4D9B-9205-8E672BAAA607}.Debug|Any CPU.ActiveCfg = Debug|Any CPU
		{9AFB6B34-411B-4D9B-9205-8E672BAAA607}.Debug|Any CPU.Build.0 = Debug|Any CPU
		{9AFB6B34-411B-4D9B-9205-8E672BAAA607}.Release|Any CPU.ActiveCfg = Release|Any CPU
		{9AFB6B34-411B-4D9B-9205-8E672BAAA607}.Release|Any CPU.Build.0 = Release|Any CPU
	EndGlobalSection
	GlobalSection(SolutionProperties) = preSolution
		HideSolutionNode = FALSE
	EndGlobalSection
	GlobalSection(ExtensibilityGlobals) = postSolution
		SolutionGuid = {2D54EC8B-7A5D-4D27-9F80-581D96A3D084}
	EndGlobalSection
EndGlobal
